
Microsoft Visual Studio Solution File, Format Version 12.00
# Visual Studio Version 17
VisualStudioVersion = 17.9.34728.123
MinimumVisualStudioVersion = 10.0.40219.1
Project("{9A19103F-16F7-4668-BE54-9A1E7A4F7556}") = "Dnc.Common.Razor", "Dnc.Common.Razor\Dnc.Common.Razor.csproj", "{485D1893-3882-480F-BC3F-47F56B4CCE16}"
EndProject
Project("{FAE04EC0-301F-11D3-BF4B-00C04F79EFBC}") = "Dnc.Confirm.WebApp", "Dnc.Confirm.WebApp\Dnc.Confirm.WebApp.csproj", "{A19E508B-AD98-4B7A-8E34-AD5ABCEC1568}"
EndProject
Global
	GlobalSection(SolutionConfigurationPlatforms) = preSolution
		Debug|Any CPU = Debug|Any CPU
		Release|Any CPU = Release|Any CPU
	EndGlobalSection
	GlobalSection(ProjectConfigurationPlatforms) = postSolution
		{485D1893-3882-480F-BC3F-47F56B4CCE16}.Debug|Any CPU.ActiveCfg = Debug|Any CPU
		{485D1893-3882-480F-BC3F-47F56B4CCE16}.Debug|Any CPU.Build.0 = Debug|Any CPU
		{485D1893-3882-480F-BC3F-47F56B4CCE16}.Release|Any CPU.ActiveCfg = Release|Any CPU
		{485D1893-3882-480F-BC3F-47F56B4CCE16}.Release|Any CPU.Build.0 = Release|Any CPU
		{A19E508B-AD98-4B7A-8E34-AD5ABCEC1568}.Debug|Any CPU.ActiveCfg = Debug|Any CPU
		{A19E508B-AD98-4B7A-8E34-AD5ABCEC1568}.Debug|Any CPU.Build.0 = Debug|Any CPU
		{A19E508B-AD98-4B7A-8E34-AD5ABCEC1568}.Release|Any CPU.ActiveCfg = Release|Any CPU
		{A19E508B-AD98-4B7A-8E34-AD5ABCEC1568}.Release|Any CPU.Build.0 = Release|Any CPU
	EndGlobalSection
	GlobalSection(SolutionProperties) = preSolution
		HideSolutionNode = FALSE
	EndGlobalSection
	GlobalSection(ExtensibilityGlobals) = postSolution
		SolutionGuid = {C6A50B49-FCBF-4E08-839E-2CD7CABD3E75}
	EndGlobalSection
EndGlobal
